<?xml version="1.0" encoding="utf-8"?>
<Project ToolsVersion="4.0" xmlns="http://schemas.microsoft.com/developer/msbuild/2003">
  <ItemGroup>
    <Filter Include="Containers">
      <UniqueIdentifier>{6a13de44-0736-4adf-81e7-ede6ef65472b}</UniqueIdentifier>
    </Filter>
    <Filter Include="Core">
      <UniqueIdentifier>{327541b3-4725-42a8-b584-f999f9a56f5a}</UniqueIdentifier>
    </Filter>
    <Filter Include="Modules">
      <UniqueIdentifier>{79be1f5a-c2fa-4a68-a432-a2de3c67697b}</UniqueIdentifier>
    </Filter>
  </ItemGroup>
  <ItemGroup>
    <ClCompile Include="Application.cpp">
      <Filter>Core</Filter>
    </ClCompile>
    <ClCompile Include="Log.cpp">
      <Filter>Core</Filter>
    </ClCompile>
    <ClCompile Include="Main.cpp">
      <Filter>Core</Filter>
    </ClCompile>
    <ClCompile Include="ModuleAudio.cpp">
      <Filter>Modules</Filter>
    </ClCompile>
    <ClCompile Include="ModuleInput.cpp">
      <Filter>Modules</Filter>
    </ClCompile>
    <ClCompile Include="ModuleRender.cpp">
      <Filter>Modules</Filter>
    </ClCompile>
    <ClCompile Include="ModuleWindow.cpp">
      <Filter>Modules</Filter>
    </ClCompile>
    <ClCompile Include="ModuleTextures.cpp">
      <Filter>Modules</Filter>
    </ClCompile>
  </ItemGroup>
  <ItemGroup>
    <ClInclude Include="Application.h">
      <Filter>Core</Filter>
    </ClInclude>
    <ClInclude Include="Globals.h">
      <Filter>Core</Filter>
    </ClInclude>
    <ClInclude Include="Module.h">
      <Filter>Modules</Filter>
    </ClInclude>
    <ClInclude Include="Animation.h">
      <Filter>Containers</Filter>
    </ClInclude>
    <ClInclude Include="p2DynArray.h">
      <Filter>Containers</Filter>
    </ClInclude>
    <ClInclude Include="p2List.h">
      <Filter>Containers</Filter>
    </ClInclude>
    <ClInclude Include="p2Point.h">
      <Filter>Containers</Filter>
    </ClInclude>
    <ClInclude Include="ModuleAudio.h">
      <Filter>Modules</Filter>
    </ClInclude>
    <ClInclude Include="ModuleInput.h">
      <Filter>Modules</Filter>
    </ClInclude>
    <ClInclude Include="ModuleRender.h">
      <Filter>Modules</Filter>
    </ClInclude>
    <ClInclude Include="ModuleWindow.h">
      <Filter>Modules</Filter>
    </ClInclude>
    <ClInclude Include="ModuleTextures.h">
      <Filter>Modules</Filter>
    </ClInclude>
  </ItemGroup>
</Project>